
Microsoft Visual Studio Solution File, Format Version 12.00
# Visual Studio Version 16
VisualStudioVersion = 16.0.30907.101
MinimumVisualStudioVersion = 10.0.40219.1
Project("{FAE04EC0-301F-11D3-BF4B-00C04F79EFBC}") = "FootballClub", "FootballClub\FootballClub.csproj", "{2242DE84-CB40-4838-8B76-30378768F88E}"
EndProject
Global
	GlobalSection(SolutionConfigurationPlatforms) = preSolution
		Debug|Any CPU = Debug|Any CPU
		Release|Any CPU = Release|Any CPU
	EndGlobalSection
	GlobalSection(ProjectConfigurationPlatforms) = postSolution
		{2242DE84-CB40-4838-8B76-30378768F88E}.Debug|Any CPU.ActiveCfg = Debug|Any CPU
		{2242DE84-CB40-4838-8B76-30378768F88E}.Debug|Any CPU.Build.0 = Debug|Any CPU
		{2242DE84-CB40-4838-8B76-30378768F88E}.Release|Any CPU.ActiveCfg = Release|Any CPU
		{2242DE84-CB40-4838-8B76-30378768F88E}.Release|Any CPU.Build.0 = Release|Any CPU
	EndGlobalSection
	GlobalSection(SolutionProperties) = preSolution
		HideSolutionNode = FALSE
	EndGlobalSection
	GlobalSection(ExtensibilityGlobals) = postSolution
		SolutionGuid = {F9E8A1A8-9892-4460-938C-4E776F814173}
	EndGlobalSection
EndGlobal
